
Microsoft Visual Studio Solution File, Format Version 12.00
# Visual Studio Version 16
VisualStudioVersion = 16.0.29324.140
MinimumVisualStudioVersion = 10.0.40219.1
Project("{9A19103F-16F7-4668-BE54-9A1E7A4F7556}") = "HelloWorld", "HelloWorld\HelloWorld.csproj", "{4EA7F883-793E-4B50-925A-CAB5241E257F}"
EndProject
Project("{9A19103F-16F7-4668-BE54-9A1E7A4F7556}") = "HelloWorld.Abstractions", "HelloWorld.Abstractions\HelloWorld.Abstractions.csproj", "{B3CB4B94-FC4C-46AB-B2CA-D4D68DD00422}"
EndProject
Project("{9A19103F-16F7-4668-BE54-9A1E7A4F7556}") = "HelloWorld.Dal", "HelloWorld.Dal\HelloWorld.Dal.csproj", "{B9036207-5817-4B6E-9B64-EF13EECC879F}"
EndProject
Project("{9A19103F-16F7-4668-BE54-9A1E7A4F7556}") = "HelloWorld.Models", "HelloWorld.Models\HelloWorld.Models.csproj", "{FF9EEF87-DF04-4B76-8403-321AAEDAC005}"
EndProject
Project("{9A19103F-16F7-4668-BE54-9A1E7A4F7556}") = "HelloWorld.Cfg", "HelloWorld.Cfg\HelloWorld.Cfg.csproj", "{2836B9F4-8F5F-467D-8962-096103037652}"
EndProject
Project("{FAE04EC0-301F-11D3-BF4B-00C04F79EFBC}") = "HelloWorld.Cqrs", "HelloWorld.Cqrs\HelloWorld.Cqrs.csproj", "{14A3D6D4-6404-4B12-8642-56149FCD60D0}"
EndProject
Global
	GlobalSection(SolutionConfigurationPlatforms) = preSolution
		Debug|Any CPU = Debug|Any CPU
		Release|Any CPU = Release|Any CPU
	EndGlobalSection
	GlobalSection(ProjectConfigurationPlatforms) = postSolution
		{4EA7F883-793E-4B50-925A-CAB5241E257F}.Debug|Any CPU.ActiveCfg = Debug|Any CPU
		{4EA7F883-793E-4B50-925A-CAB5241E257F}.Debug|Any CPU.Build.0 = Debug|Any CPU
		{4EA7F883-793E-4B50-925A-CAB5241E257F}.Release|Any CPU.ActiveCfg = Release|Any CPU
		{4EA7F883-793E-4B50-925A-CAB5241E257F}.Release|Any CPU.Build.0 = Release|Any CPU
		{B3CB4B94-FC4C-46AB-B2CA-D4D68DD00422}.Debug|Any CPU.ActiveCfg = Debug|Any CPU
		{B3CB4B94-FC4C-46AB-B2CA-D4D68DD00422}.Debug|Any CPU.Build.0 = Debug|Any CPU
		{B3CB4B94-FC4C-46AB-B2CA-D4D68DD00422}.Release|Any CPU.ActiveCfg = Release|Any CPU
		{B3CB4B94-FC4C-46AB-B2CA-D4D68DD00422}.Release|Any CPU.Build.0 = Release|Any CPU
		{B9036207-5817-4B6E-9B64-EF13EECC879F}.Debug|Any CPU.ActiveCfg = Debug|Any CPU
		{B9036207-5817-4B6E-9B64-EF13EECC879F}.Debug|Any CPU.Build.0 = Debug|Any CPU
		{B9036207-5817-4B6E-9B64-EF13EECC879F}.Release|Any CPU.ActiveCfg = Release|Any CPU
		{B9036207-5817-4B6E-9B64-EF13EECC879F}.Release|Any CPU.Build.0 = Release|Any CPU
		{FF9EEF87-DF04-4B76-8403-321AAEDAC005}.Debug|Any CPU.ActiveCfg = Debug|Any CPU
		{FF9EEF87-DF04-4B76-8403-321AAEDAC005}.Debug|Any CPU.Build.0 = Debug|Any CPU
		{FF9EEF87-DF04-4B76-8403-321AAEDAC005}.Release|Any CPU.ActiveCfg = Release|Any CPU
		{FF9EEF87-DF04-4B76-8403-321AAEDAC005}.Release|Any CPU.Build.0 = Release|Any CPU
		{2836B9F4-8F5F-467D-8962-096103037652}.Debug|Any CPU.ActiveCfg = Debug|Any CPU
		{2836B9F4-8F5F-467D-8962-096103037652}.Debug|Any CPU.Build.0 = Debug|Any CPU
		{2836B9F4-8F5F-467D-8962-096103037652}.Release|Any CPU.ActiveCfg = Release|Any CPU
		{2836B9F4-8F5F-467D-8962-096103037652}.Release|Any CPU.Build.0 = Release|Any CPU
		{14A3D6D4-6404-4B12-8642-56149FCD60D0}.Debug|Any CPU.ActiveCfg = Debug|Any CPU
		{14A3D6D4-6404-4B12-8642-56149FCD60D0}.Debug|Any CPU.Build.0 = Debug|Any CPU
		{14A3D6D4-6404-4B12-8642-56149FCD60D0}.Release|Any CPU.ActiveCfg = Release|Any CPU
		{14A3D6D4-6404-4B12-8642-56149FCD60D0}.Release|Any CPU.Build.0 = Release|Any CPU
	EndGlobalSection
	GlobalSection(SolutionProperties) = preSolution
		HideSolutionNode = FALSE
	EndGlobalSection
	GlobalSection(ExtensibilityGlobals) = postSolution
		SolutionGuid = {9B629FCE-26D3-418A-AA02-A32ABF4580E7}
	EndGlobalSection
EndGlobal
